{
  "allow_builds": true,
  "allow_prereleases": false,
  "allow_wheels": true,
  "build_isolation": true,
  "constraints": [],
  "locked_resolves": [
    {
      "locked_requirements": [
        {
          "artifacts": [
            {
              "algorithm": "sha256",
              "hash": "7e50d0a0cc3189f9cb0aeb3a6a6af18c16f59f004b866cd2be1c14b36134a4a0",
              "url": "https://files.pythonhosted.org/packages/f4/5f/fafd8c51235f60d49f7a88e2275e13971e90555b67da52dd6416caec32fe/numpy-1.26.4-pp39-pypy39_pp73-win_amd64.whl"
            },
            {
              "algorithm": "sha256",
              "hash": "96ff0b2ad353d8f990b63294c8986f1ec3cb19d749234014f4e7eb0112ceba5a",
              "url": "https://files.pythonhosted.org/packages/09/bf/2b1aaf8f525f2923ff6cfcf134ae5e750e279ac65ebf386c75a0cf6da06a/numpy-1.26.4-cp311-cp311-musllinux_1_1_aarch64.whl"
            },
            {
              "algorithm": "sha256",
              "hash": "675d61ffbfa78604709862923189bad94014bef562cc35cf61d3a07bba02a7ed",
              "url": "https://files.pythonhosted.org/packages/0f/50/de23fde84e45f5c4fda2488c759b69990fd4512387a8632860f3ac9cd225/numpy-1.26.4-cp312-cp312-manylinux_2_17_x86_64.manylinux2014_x86_64.whl"
            },
            {
              "algorithm": "sha256",
              "hash": "4c66707fabe114439db9068ee468c26bbdf909cac0fb58686a42a24de1760c71",
              "url": "https://files.pythonhosted.org/packages/11/57/baae43d14fe163fa0e4c47f307b6b2511ab8d7d30177c491960504252053/numpy-1.26.4-cp311-cp311-macosx_10_9_x86_64.whl"
            },
            {
              "algorithm": "sha256",
              "hash": "08beddf13648eb95f8d867350f6a018a4be2e5ad54c8d8caed89ebca558b2818",
              "url": "https://files.pythonhosted.org/packages/16/2e/86f24451c2d530c88daf997cb8d6ac622c1d40d19f5a031ed68a4b73a374/numpy-1.26.4-cp312-cp312-win_amd64.whl"
            },
            {
              "algorithm": "sha256",
              "hash": "47711010ad8555514b434df65f7d7b076bb8261df1ca9bb78f53d3b2db02e95c",
              "url": "https://files.pythonhosted.org/packages/16/ee/9df80b06680aaa23fc6c31211387e0db349e0e36d6a63ba3bd78c5acdf11/numpy-1.26.4-cp39-cp39-musllinux_1_1_x86_64.whl"
            },
            {
              "algorithm": "sha256",
              "hash": "b97fe8060236edf3662adfc2c633f56a08ae30560c56310562cb4f95500022d5",
              "url": "https://files.pythonhosted.org/packages/19/77/538f202862b9183f54108557bfda67e17603fc560c384559e769321c9d92/numpy-1.26.4-cp310-cp310-win_amd64.whl"
            },
            {
              "algorithm": "sha256",
              "hash": "edd8b5fe47dab091176d21bb6de568acdd906d1887a4584a15a9a96a1dca06ef",
              "url": "https://files.pythonhosted.org/packages/1a/2e/151484f49fd03944c4a3ad9c418ed193cfd02724e138ac8a9505d056c582/numpy-1.26.4-cp311-cp311-macosx_11_0_arm64.whl"
            },
            {
              "algorithm": "sha256",
              "hash": "2e4ee3380d6de9c9ec04745830fd9e2eccb3e6cf790d39d7b98ffd19b0dd754a",
              "url": "https://files.pythonhosted.org/packages/20/f7/b24208eba89f9d1b58c1668bc6c8c4fd472b20c45573cb767f59d49fb0f6/numpy-1.26.4-cp310-cp310-macosx_11_0_arm64.whl"
            },
            {
              "algorithm": "sha256",
              "hash": "62b8e4b1e28009ef2846b4c7852046736bab361f7aeadeb6a5b89ebec3c7055a",
              "url": "https://files.pythonhosted.org/packages/24/03/6f229fe3187546435c4f6f89f6d26c129d4f5bed40552899fcf1f0bf9e50/numpy-1.26.4-cp310-cp310-musllinux_1_1_aarch64.whl"
            },
            {
              "algorithm": "sha256",
              "hash": "50193e430acfc1346175fcbdaa28ffec49947a06918b7b92130744e81e640110",
              "url": "https://files.pythonhosted.org/packages/28/4a/46d9e65106879492374999e76eb85f87b15328e06bd1550668f79f7b18c6/numpy-1.26.4-cp312-cp312-win32.whl"
            },
            {
              "algorithm": "sha256",
              "hash": "a354325ee03388678242a4d7ebcd08b5c727033fcff3b2f536aea978e15ee9e6",
              "url": "https://files.pythonhosted.org/packages/28/7d/4b92e2fe20b214ffca36107f1a3e75ef4c488430e64de2d9af5db3a4637d/numpy-1.26.4-cp39-cp39-win32.whl"
            },
            {
              "algorithm": "sha256",
              "hash": "a4abb4f9001ad2858e7ac189089c42178fcce737e4169dc61321660f1a96c7d2",
              "url": "https://files.pythonhosted.org/packages/39/fe/39ada9b094f01f5a35486577c848fe274e374bbf8d8f472e1423a0bbd26d/numpy-1.26.4-cp310-cp310-musllinux_1_1_x86_64.whl"
            },
            {
              "algorithm": "sha256",
              "hash": "666dbfb6ec68962c033a450943ded891bed2d54e6755e35e5835d63f4f6931d5",
              "url": "https://files.pythonhosted.org/packages/3a/d0/edc009c27b406c4f9cbc79274d6e46d634d139075492ad055e3d68445925/numpy-1.26.4-cp311-cp311-manylinux_2_17_x86_64.manylinux2014_x86_64.whl"
            },
            {
              "algorithm": "sha256",
              "hash": "cd25bcecc4974d09257ffcd1f098ee778f7834c3ad767fe5db785be9a4aa9cb2",
              "url": "https://files.pythonhosted.org/packages/3f/6b/5610004206cf7f8e7ad91c5a85a8c71b2f2f8051a0c0c4d5916b76d6cbb2/numpy-1.26.4-cp311-cp311-win_amd64.whl"
            },
            {
              "algorithm": "sha256",
              "hash": "afedb719a9dcfc7eaf2287b839d8198e06dcd4cb5d276a3df279231138e83d30",
              "url": "https://files.pythonhosted.org/packages/3f/72/3df6c1c06fc83d9cfe381cccb4be2532bbd38bf93fbc9fad087b6687f1c0/numpy-1.26.4-pp39-pypy39_pp73-macosx_10_9_x86_64.whl"
            },
            {
              "algorithm": "sha256",
              "hash": "679b0076f67ecc0138fd2ede3a8fd196dddc2ad3254069bcb9faf9a79b1cebcd",
              "url": "https://files.pythonhosted.org/packages/43/12/01a563fc44c07095996d0129b8899daf89e4742146f7044cdbdb3101c57f/numpy-1.26.4-cp39-cp39-musllinux_1_1_aarch64.whl"
            },
            {
              "algorithm": "sha256",
              "hash": "ffa75af20b44f8dba823498024771d5ac50620e6915abac414251bd971b4529f",
              "url": "https://files.pythonhosted.org/packages/4b/d7/ecf66c1cd12dc28b4040b15ab4d17b773b87fa9d29ca16125de01adb36cd/numpy-1.26.4-cp310-cp310-manylinux_2_17_x86_64.manylinux2014_x86_64.whl"
            },
            {
              "algorithm": "sha256",
              "hash": "ab47dbe5cc8210f55aa58e4805fe224dac469cde56b9f731a4c098b91917159a",
              "url": "https://files.pythonhosted.org/packages/4c/0c/9c603826b6465e82591e05ca230dfc13376da512b25ccd0894709b054ed0/numpy-1.26.4-cp312-cp312-musllinux_1_1_aarch64.whl"
            },
            {
              "algorithm": "sha256",
              "hash": "f870204a840a60da0b12273ef34f7051e98c3b5961b61b0c2c1be6dfd64fbcd3",
              "url": "https://files.pythonhosted.org/packages/54/30/c2a907b9443cf42b90c17ad10c1e8fa801975f01cb9764f3f8eb8aea638b/numpy-1.26.4-cp39-cp39-manylinux_2_17_x86_64.manylinux2014_x86_64.whl"
            },
            {
              "algorithm": "sha256",
              "hash": "2a02aba9ed12e4ac4eb3ea9421c420301a0c6460d9830d74a9df87efa4912010",
              "url": "https://files.pythonhosted.org/packages/65/6e/09db70a523a96d25e115e71cc56a6f9031e7b8cd166c1ac8438307c14058/numpy-1.26.4.tar.gz"
            },
            {
              "algorithm": "sha256",
              "hash": "d5241e0a80d808d70546c697135da2c613f30e28251ff8307eb72ba696945764",
              "url": "https://files.pythonhosted.org/packages/6d/64/c3bcdf822269421d85fe0d64ba972003f9bb4aa9a419da64b86856c9961f/numpy-1.26.4-cp39-cp39-manylinux_2_17_aarch64.manylinux2014_aarch64.whl"
            },
            {
              "algorithm": "sha256",
              "hash": "03a8c78d01d9781b28a6989f6fa1bb2c4f2d51201cf99d3dd875df6fbd96b23b",
              "url": "https://files.pythonhosted.org/packages/75/5b/ca6c8bd14007e5ca171c7c03102d17b4f4e0ceb53957e8c44343a9546dcc/numpy-1.26.4-cp312-cp312-macosx_11_0_arm64.whl"
            },
            {
              "algorithm": "sha256",
              "hash": "1dda2e7b4ec9dd512f84935c5f126c8bd8b9f2fc001e9f54af255e8c5f16b0e0",
              "url": "https://files.pythonhosted.org/packages/76/8c/2ba3902e1a0fc1c74962ea9bb33a534bb05984ad7ff9515bf8d07527cadd/numpy-1.26.4-cp312-cp312-musllinux_1_1_x86_64.whl"
            },
            {
              "algorithm": "sha256",
              "hash": "7ab55401287bfec946ced39700c053796e7cc0e3acbef09993a9ad2adba6ca6e",
              "url": "https://files.pythonhosted.org/packages/79/ae/7e5b85136806f9dadf4878bf73cf223fe5c2636818ba3ab1c585d0403164/numpy-1.26.4-cp311-cp311-manylinux_2_17_aarch64.manylinux2014_aarch64.whl"
            },
            {
              "algorithm": "sha256",
              "hash": "9fad7dcb1aac3c7f0584a5a8133e3a43eeb2fe127f47e3632d43d677c66c102b",
              "url": "https://files.pythonhosted.org/packages/79/f8/97f10e6755e2a7d027ca783f63044d5b1bc1ae7acb12afe6a9b4286eac17/numpy-1.26.4-cp312-cp312-manylinux_2_17_aarch64.manylinux2014_aarch64.whl"
            },
            {
              "algorithm": "sha256",
              "hash": "7349ab0fa0c429c82442a27a9673fc802ffdb7c7775fad780226cb234965e53c",
              "url": "https://files.pythonhosted.org/packages/7d/24/ce71dc08f06534269f66e73c04f5709ee024a1afe92a7b6e1d73f158e1f8/numpy-1.26.4-cp39-cp39-macosx_10_9_x86_64.whl"
            },
            {
              "algorithm": "sha256",
              "hash": "95a7476c59002f2f6c590b9b7b998306fba6a5aa646b1e22ddfeaf8f78c3a29c",
              "url": "https://files.pythonhosted.org/packages/8e/02/570545bac308b58ffb21adda0f4e220ba716fb658a63c151daecc3293350/numpy-1.26.4-pp39-pypy39_pp73-manylinux_2_17_x86_64.manylinux2014_x86_64.whl"
            },
            {
              "algorithm": "sha256",
              "hash": "b3ce300f3644fb06443ee2222c2201dd3a89ea6040541412b8fa189341847218",
              "url": "https://files.pythonhosted.org/packages/95/12/8f2020a8e8b8383ac0177dc9570aad031a3beb12e38847f7129bacd96228/numpy-1.26.4-cp312-cp312-macosx_10_9_x86_64.whl"
            },
            {
              "algorithm": "sha256",
              "hash": "9ff0f4f29c51e2803569d7a51c2304de5554655a60c5d776e35b4a41413830d0",
              "url": "https://files.pythonhosted.org/packages/a7/94/ace0fdea5241a27d13543ee117cbc65868e82213fb31a8eb7fe9ff23f313/numpy-1.26.4-cp310-cp310-macosx_10_9_x86_64.whl"
            },
            {
              "algorithm": "sha256",
              "hash": "52b8b60467cd7dd1e9ed082188b4e6bb35aa5cdd01777621a1658910745b90be",
              "url": "https://files.pythonhosted.org/packages/ae/8c/ab03a7c25741f9ebc92684a20125fbc9fc1b8e1e700beb9197d750fdff88/numpy-1.26.4-cp39-cp39-macosx_11_0_arm64.whl"
            },
            {
              "algorithm": "sha256",
              "hash": "3373d5d70a5fe74a2c1bb6d2cfd9609ecf686d47a2d7b1d37a8f3b6bf6003aea",
              "url": "https://files.pythonhosted.org/packages/b5/42/054082bd8220bbf6f297f982f0a8f5479fcbc55c8b511d928df07b965869/numpy-1.26.4-cp39-cp39-win_amd64.whl"
            },
            {
              "algorithm": "sha256",
              "hash": "1af303d6b2210eb850fcf03064d364652b7120803a0b872f5211f5234b399f20",
              "url": "https://files.pythonhosted.org/packages/d2/b7/a734c733286e10a7f1a8ad1ae8c90f2d33bf604a96548e0a4a3a6739b468/numpy-1.26.4-cp311-cp311-win32.whl"
            },
            {
              "algorithm": "sha256",
              "hash": "bfe25acf8b437eb2a8b2d49d443800a5f18508cd811fea3181723922a8a82b07",
              "url": "https://files.pythonhosted.org/packages/d5/ef/6ad11d51197aad206a9ad2286dc1aac6a378059e06e8cf22cd08ed4f20dc/numpy-1.26.4-cp310-cp310-win32.whl"
            },
            {
              "algorithm": "sha256",
              "hash": "60dedbb91afcbfdc9bc0b1f3f402804070deed7392c23eb7a7f07fa857868e8a",
              "url": "https://files.pythonhosted.org/packages/df/a0/4e0f14d847cfc2a633a1c8621d00724f3206cfeddeb66d35698c4e2cf3d2/numpy-1.26.4-cp311-cp311-musllinux_1_1_x86_64.whl"
            },
            {
              "algorithm": "sha256",
              "hash": "d209d8969599b27ad20994c8e41936ee0964e6da07478d6c35016bc386b66ad4",
              "url": "https://files.pythonhosted.org/packages/fc/a5/4beee6488160798683eed5bdb7eead455892c3b4e1f78d79d8d3f3b084ac/numpy-1.26.4-cp310-cp310-manylinux_2_17_aarch64.manylinux2014_aarch64.whl"
            }
          ],
          "project_name": "numpy",
          "requires_dists": [],
          "requires_python": ">=3.9",
          "version": "1.26.4"
        },
        {
          "artifacts": [
            {
              "algorithm": "sha256",
              "hash": "640cef9aa381b60e296db324337a554aeeb883ead99dc8f6c18e81a93942f5f4",
              "url": "https://files.pythonhosted.org/packages/bf/2c/a0cee9c392a4c9227b835af27f9260582b994f9a2b5ec23993b596e5deb7/pandas-2.2.2-cp39-cp39-win_amd64.whl"
            },
            {
              "algorithm": "sha256",
              "hash": "4abfe0be0d7221be4f12552995e58723c7422c80a659da13ca382697de830c08",
              "url": "https://files.pythonhosted.org/packages/01/c6/d3d2612aea9b9f28e79a30b864835dad8f542dcf474eee09afeee5d15d75/pandas-2.2.2-cp310-cp310-manylinux_2_17_aarch64.manylinux2014_aarch64.whl"
            },
            {
              "algorithm": "sha256",
              "hash": "8e90497254aacacbc4ea6ae5e7a8cd75629d6ad2b30025a4a8b09aa4faf55151",
              "url": "https://files.pythonhosted.org/packages/16/c6/75231fd47afd6b3f89011e7077f1a3958441264aca7ae9ff596e3276a5d0/pandas-2.2.2-cp311-cp311-macosx_11_0_arm64.whl"
            },
            {
              "algorithm": "sha256",
              "hash": "696039430f7a562b74fa45f540aca068ea85fa34c244d0deee539cb6d70aa288",
              "url": "https://files.pythonhosted.org/packages/1b/70/61704497903d43043e288017cb2b82155c0d41e15f5c17807920877b45c2/pandas-2.2.2-cp311-cp311-macosx_10_9_x86_64.whl"
            },
            {
              "algorithm": "sha256",
              "hash": "0ca6377b8fca51815f382bd0b697a0814c8bda55115678cbc94c30aacbb6eff2",
              "url": "https://files.pythonhosted.org/packages/1b/cc/eb6ce83667131667c6561e009823e72aa5c76698e75552724bdfc8d1ef0b/pandas-2.2.2-cp39-cp39-macosx_10_9_x86_64.whl"
            },
            {
              "algorithm": "sha256",
              "hash": "d187d355ecec3629624fccb01d104da7d7f391db0311145817525281e2804d23",
              "url": "https://files.pythonhosted.org/packages/22/a5/a0b255295406ed54269814bc93723cfd1a0da63fb9aaf99e1364f07923e5/pandas-2.2.2-cp312-cp312-win_amd64.whl"
            },
            {
              "algorithm": "sha256",
              "hash": "3e374f59e440d4ab45ca2fffde54b81ac3834cf5ae2cdfa69c90bc03bde04d76",
              "url": "https://files.pythonhosted.org/packages/35/9d/208febf8c4eb5c1d9ea3314d52d8bd415fd0ef0dd66bb24cc5bdbc8fa71a/pandas-2.2.2-cp312-cp312-musllinux_1_1_aarch64.whl"
            },
            {
              "algorithm": "sha256",
              "hash": "eee3a87076c0756de40b05c5e9a6069c035ba43e8dd71c379e68cab2c20f16ad",
              "url": "https://files.pythonhosted.org/packages/40/10/79e52ef01dfeb1c1ca47a109a01a248754ebe990e159a844ece12914de83/pandas-2.2.2-cp312-cp312-manylinux_2_17_x86_64.manylinux2014_x86_64.whl"
            },
            {
              "algorithm": "sha256",
              "hash": "0cace394b6ea70c01ca1595f839cf193df35d1575986e484ad35c4aeae7266c1",
              "url": "https://files.pythonhosted.org/packages/40/c7/47e94907f1d8fdb4868d61bd6c93d57b3784a964d52691b77ebfdb062842/pandas-2.2.2-cp311-cp311-musllinux_1_1_x86_64.whl"
            },
            {
              "algorithm": "sha256",
              "hash": "92fd6b027924a7e178ac202cfbe25e53368db90d56872d20ffae94b96c7acc57",
              "url": "https://files.pythonhosted.org/packages/5d/11/a5a2f52936fba3afc42de35b19cae941284d973649cb6949bc41cc2e5901/pandas-2.2.2-cp39-cp39-musllinux_1_1_x86_64.whl"
            },
            {
              "algorithm": "sha256",
              "hash": "ddf818e4e6c7c6f4f7c8a12709696d193976b591cc7dc50588d3d1a6b5dc8772",
              "url": "https://files.pythonhosted.org/packages/69/a6/81d5dc9a612cf0c1810c2ebc4f2afddb900382276522b18d128213faeae3/pandas-2.2.2-cp310-cp310-win_amd64.whl"
            },
            {
              "algorithm": "sha256",
              "hash": "9e79019aba43cb4fda9e4d983f8e88ca0373adbb697ae9c6c43093218de28b54",
              "url": "https://files.pythonhosted.org/packages/88/d9/ecf715f34c73ccb1d8ceb82fc01cd1028a65a5f6dbc57bfa6ea155119058/pandas-2.2.2.tar.gz"
            },
            {
              "algorithm": "sha256",
              "hash": "8635c16bf3d99040fdf3ca3db669a7250ddf49c55dc4aa8fe0ae0fa8d6dcc1f0",
              "url": "https://files.pythonhosted.org/packages/89/1b/12521efcbc6058e2673583bb096c2b5046a9df39bd73eca392c1efed24e5/pandas-2.2.2-cp310-cp310-manylinux_2_17_x86_64.manylinux2014_x86_64.whl"
            },
            {
              "algorithm": "sha256",
              "hash": "2925720037f06e89af896c70bca73459d7e6a4be96f9de79e2d440bd499fe0db",
              "url": "https://files.pythonhosted.org/packages/92/a2/b79c48f530673567805e607712b29814b47dcaf0d167e87145eb4b0118c6/pandas-2.2.2-cp311-cp311-musllinux_1_1_aarch64.whl"
            },
            {
              "algorithm": "sha256",
              "hash": "9057e6aa78a584bc93a13f0a9bf7e753a5e9770a30b4d758b8d5f2a62a9433cd",
              "url": "https://files.pythonhosted.org/packages/96/08/9ad65176f854fd5eb806a27da6e8b6c12d5ddae7ef3bd80d8b3009099333/pandas-2.2.2-cp39-cp39-macosx_11_0_arm64.whl"
            },
            {
              "algorithm": "sha256",
              "hash": "58b84b91b0b9f4bafac2a0ac55002280c094dfc6402402332c0913a59654ab2b",
              "url": "https://files.pythonhosted.org/packages/97/2d/7b54f80b93379ff94afb3bd9b0cd1d17b48183a0d6f98045bc01ce1e06a7/pandas-2.2.2-cp311-cp311-manylinux_2_17_aarch64.manylinux2014_aarch64.whl"
            },
            {
              "algorithm": "sha256",
              "hash": "43498c0bdb43d55cb162cdc8c06fac328ccb5d2eabe3cadeb3529ae6f0517c32",
              "url": "https://files.pythonhosted.org/packages/99/d1/2d9bd05def7a9e08a92ec929b5a4c8d5556ec76fae22b0fa486cbf33ea63/pandas-2.2.2-cp312-cp312-musllinux_1_1_x86_64.whl"
            },
            {
              "algorithm": "sha256",
              "hash": "001910ad31abc7bf06f49dcc903755d2f7f3a9186c0c040b827e522e9cef0863",
              "url": "https://files.pythonhosted.org/packages/aa/30/5987c82fea318ac7d6bcd083c5b5259d4000e99dd29ae7a9357c65a1b17a/pandas-2.2.2-cp39-cp39-manylinux_2_17_aarch64.manylinux2014_aarch64.whl"
            },
            {
              "algorithm": "sha256",
              "hash": "873d13d177501a28b2756375d59816c365e42ed8417b41665f346289adc68d24",
              "url": "https://files.pythonhosted.org/packages/ab/63/966db1321a0ad55df1d1fe51505d2cdae191b84c907974873817b0a6e849/pandas-2.2.2-cp311-cp311-win_amd64.whl"
            },
            {
              "algorithm": "sha256",
              "hash": "1cb51fe389360f3b5a4d57dbd2848a5f033350336ca3b340d1c53a1fad33bcad",
              "url": "https://files.pythonhosted.org/packages/b0/85/f95b5f322e1ae13b7ed7e97bd999160fa003424711ab4dc8344b8772c270/pandas-2.2.2-cp312-cp312-manylinux_2_17_aarch64.manylinux2014_aarch64.whl"
            },
            {
              "algorithm": "sha256",
              "hash": "a77e9d1c386196879aa5eb712e77461aaee433e54c68cf253053a73b7e49c33a",
              "url": "https://files.pythonhosted.org/packages/b5/27/76c1509f505d1f4cb65839352d099c90a13019371e90347166811aa6a075/pandas-2.2.2-cp39-cp39-musllinux_1_1_aarch64.whl"
            },
            {
              "algorithm": "sha256",
              "hash": "8e5a0b00e1e56a842f922e7fae8ae4077aee4af0acb5ae3622bd4b4c30aedf99",
              "url": "https://files.pythonhosted.org/packages/ba/df/8ff7c5ed1cc4da8c6ab674dc8e4860a4310c3880df1283e01bac27a4333d/pandas-2.2.2-cp310-cp310-musllinux_1_1_x86_64.whl"
            },
            {
              "algorithm": "sha256",
              "hash": "66b479b0bd07204e37583c191535505410daa8df638fd8e75ae1b383851fe921",
              "url": "https://files.pythonhosted.org/packages/bb/30/f6f1f1ac36250f50c421b1b6af08c35e5a8b5a84385ef928625336b93e6f/pandas-2.2.2-cp39-cp39-manylinux_2_17_x86_64.manylinux2014_x86_64.whl"
            },
            {
              "algorithm": "sha256",
              "hash": "90c6fca2acf139569e74e8781709dccb6fe25940488755716d1d354d6bc58bce",
              "url": "https://files.pythonhosted.org/packages/d1/2d/39600d073ea70b9cafdc51fab91d69c72b49dd92810f24cb5ac6631f387f/pandas-2.2.2-cp310-cp310-macosx_10_9_x86_64.whl"
            },
            {
              "algorithm": "sha256",
              "hash": "e9b79011ff7a0f4b1d6da6a61aa1aa604fb312d6647de5bad20013682d1429ce",
              "url": "https://files.pythonhosted.org/packages/db/7c/9a60add21b96140e22465d9adf09832feade45235cd22f4cb1668a25e443/pandas-2.2.2-cp312-cp312-macosx_11_0_arm64.whl"
            },
            {
              "algorithm": "sha256",
              "hash": "9dfde2a0ddef507a631dc9dc4af6a9489d5e2e740e226ad426a05cabfbd7c8ef",
              "url": "https://files.pythonhosted.org/packages/dd/49/de869130028fb8d90e25da3b7d8fb13e40f5afa4c4af1781583eb1ff3839/pandas-2.2.2-cp312-cp312-macosx_10_9_x86_64.whl"
            },
            {
              "algorithm": "sha256",
              "hash": "40ae1dffb3967a52203105a077415a86044a2bea011b5f321c6aa64b379a3f51",
              "url": "https://files.pythonhosted.org/packages/e4/d7/303dba73f1c3a9ef067d23e5afbb6175aa25e8121be79be354dcc740921a/pandas-2.2.2-cp310-cp310-musllinux_1_1_aarch64.whl"
            },
            {
              "algorithm": "sha256",
              "hash": "6d2123dc9ad6a814bcdea0f099885276b31b24f7edf40f6cdbc0912672e22eee",
              "url": "https://files.pythonhosted.org/packages/fc/a5/4d82be566f069d7a9a702dcdf6f9106df0e0b042e738043c0cc7ddd7e3f6/pandas-2.2.2-cp311-cp311-manylinux_2_17_x86_64.manylinux2014_x86_64.whl"
            },
            {
              "algorithm": "sha256",
              "hash": "c7adfc142dac335d8c1e0dcbd37eb8617eac386596eb9e1a1b77791cf2498238",
              "url": "https://files.pythonhosted.org/packages/fd/4b/0cd38e68ab690b9df8ef90cba625bf3f93b82d1c719703b8e1b333b2c72d/pandas-2.2.2-cp310-cp310-macosx_11_0_arm64.whl"
            }
          ],
          "project_name": "pandas",
          "requires_dists": [
            "PyQt5>=5.15.9; extra == \"all\"",
            "PyQt5>=5.15.9; extra == \"clipboard\"",
            "SQLAlchemy>=2.0.0; extra == \"all\"",
            "SQLAlchemy>=2.0.0; extra == \"mysql\"",
            "SQLAlchemy>=2.0.0; extra == \"postgresql\"",
            "SQLAlchemy>=2.0.0; extra == \"sql-other\"",
            "adbc-driver-postgresql>=0.8.0; extra == \"all\"",
            "adbc-driver-postgresql>=0.8.0; extra == \"postgresql\"",
            "adbc-driver-postgresql>=0.8.0; extra == \"sql-other\"",
            "adbc-driver-sqlite>=0.8.0; extra == \"all\"",
            "adbc-driver-sqlite>=0.8.0; extra == \"sql-other\"",
            "beautifulsoup4>=4.11.2; extra == \"all\"",
            "beautifulsoup4>=4.11.2; extra == \"html\"",
            "bottleneck>=1.3.6; extra == \"all\"",
            "bottleneck>=1.3.6; extra == \"performance\"",
            "dataframe-api-compat>=0.1.7; extra == \"all\"",
            "dataframe-api-compat>=0.1.7; extra == \"consortium-standard\"",
            "fastparquet>=2022.12.0; extra == \"all\"",
            "fsspec>=2022.11.0; extra == \"all\"",
            "fsspec>=2022.11.0; extra == \"fss\"",
            "gcsfs>=2022.11.0; extra == \"all\"",
            "gcsfs>=2022.11.0; extra == \"gcp\"",
            "html5lib>=1.1; extra == \"all\"",
            "html5lib>=1.1; extra == \"html\"",
            "hypothesis>=6.46.1; extra == \"all\"",
            "hypothesis>=6.46.1; extra == \"test\"",
            "jinja2>=3.1.2; extra == \"all\"",
            "jinja2>=3.1.2; extra == \"output-formatting\"",
            "lxml>=4.9.2; extra == \"all\"",
            "lxml>=4.9.2; extra == \"html\"",
            "lxml>=4.9.2; extra == \"xml\"",
            "matplotlib>=3.6.3; extra == \"all\"",
            "matplotlib>=3.6.3; extra == \"plot\"",
            "numba>=0.56.4; extra == \"all\"",
            "numba>=0.56.4; extra == \"performance\"",
            "numexpr>=2.8.4; extra == \"all\"",
            "numexpr>=2.8.4; extra == \"performance\"",
            "numpy>=1.22.4; python_version < \"3.11\"",
            "numpy>=1.23.2; python_version == \"3.11\"",
            "numpy>=1.26.0; python_version >= \"3.12\"",
            "odfpy>=1.4.1; extra == \"all\"",
            "odfpy>=1.4.1; extra == \"excel\"",
            "openpyxl>=3.1.0; extra == \"all\"",
            "openpyxl>=3.1.0; extra == \"excel\"",
            "pandas-gbq>=0.19.0; extra == \"all\"",
            "pandas-gbq>=0.19.0; extra == \"gcp\"",
            "psycopg2>=2.9.6; extra == \"all\"",
            "psycopg2>=2.9.6; extra == \"postgresql\"",
            "pyarrow>=10.0.1; extra == \"all\"",
            "pyarrow>=10.0.1; extra == \"feather\"",
            "pyarrow>=10.0.1; extra == \"parquet\"",
            "pyarrow>=10.0.1; extra == \"pyarrow\"",
            "pymysql>=1.0.2; extra == \"all\"",
            "pymysql>=1.0.2; extra == \"mysql\"",
            "pyreadstat>=1.2.0; extra == \"all\"",
            "pyreadstat>=1.2.0; extra == \"spss\"",
            "pytest-xdist>=2.2.0; extra == \"all\"",
            "pytest-xdist>=2.2.0; extra == \"test\"",
            "pytest>=7.3.2; extra == \"all\"",
            "pytest>=7.3.2; extra == \"test\"",
            "python-calamine>=0.1.7; extra == \"all\"",
            "python-calamine>=0.1.7; extra == \"excel\"",
            "python-dateutil>=2.8.2",
            "pytz>=2020.1",
            "pyxlsb>=1.0.10; extra == \"all\"",
            "pyxlsb>=1.0.10; extra == \"excel\"",
            "qtpy>=2.3.0; extra == \"all\"",
            "qtpy>=2.3.0; extra == \"clipboard\"",
            "s3fs>=2022.11.0; extra == \"all\"",
            "s3fs>=2022.11.0; extra == \"aws\"",
            "scipy>=1.10.0; extra == \"all\"",
            "scipy>=1.10.0; extra == \"computation\"",
            "tables>=3.8.0; extra == \"all\"",
            "tables>=3.8.0; extra == \"hdf5\"",
            "tabulate>=0.9.0; extra == \"all\"",
            "tabulate>=0.9.0; extra == \"output-formatting\"",
            "tzdata>=2022.7",
            "xarray>=2022.12.0; extra == \"all\"",
            "xarray>=2022.12.0; extra == \"computation\"",
            "xlrd>=2.0.1; extra == \"all\"",
            "xlrd>=2.0.1; extra == \"excel\"",
            "xlsxwriter>=3.0.5; extra == \"all\"",
            "xlsxwriter>=3.0.5; extra == \"excel\"",
            "zstandard>=0.19.0; extra == \"all\"",
            "zstandard>=0.19.0; extra == \"compression\""
          ],
          "requires_python": ">=3.9",
          "version": "2.2.2"
        },
        {
          "artifacts": [
            {
              "algorithm": "sha256",
              "hash": "a8b2bc7bffae282281c8140a97d3aa9c14da0b136dfe83f850eea9a5f7470427",
              "url": "https://files.pythonhosted.org/packages/ec/57/56b9bcc3c9c6a792fcbaf139543cee77261f3651ca9da0c93f5c1221264b/python_dateutil-2.9.0.post0-py2.py3-none-any.whl"
            },
            {
              "algorithm": "sha256",
              "hash": "37dd54208da7e1cd875388217d5e00ebd4179249f90fb72437e91a35459a0ad3",
              "url": "https://files.pythonhosted.org/packages/66/c0/0c8b6ad9f17a802ee498c46e004a0eb49bc148f2fd230864601a86dcf6db/python-dateutil-2.9.0.post0.tar.gz"
            }
          ],
          "project_name": "python-dateutil",
          "requires_dists": [
            "six>=1.5"
          ],
          "requires_python": "!=3.0.*,!=3.1.*,!=3.2.*,>=2.7",
          "version": "2.9.0.post0"
        },
        {
          "artifacts": [
            {
              "algorithm": "sha256",
              "hash": "328171f4e3623139da4983451950b28e95ac706e13f3f2630a879749e7a8b319",
              "url": "https://files.pythonhosted.org/packages/9c/3d/a121f284241f08268b21359bd425f7d4825cffc5ac5cd0e1b3d82ffd2b10/pytz-2024.1-py2.py3-none-any.whl"
            },
            {
              "algorithm": "sha256",
              "hash": "2a29735ea9c18baf14b448846bde5a48030ed267578472d8955cd0e7443a9812",
              "url": "https://files.pythonhosted.org/packages/90/26/9f1f00a5d021fff16dee3de13d43e5e978f3d58928e129c3a62cf7eb9738/pytz-2024.1.tar.gz"
            }
          ],
          "project_name": "pytz",
          "requires_dists": [],
          "requires_python": null,
          "version": "2024.1"
        },
        {
          "artifacts": [
            {
              "algorithm": "sha256",
              "hash": "8abb2f1d86890a2dfb989f9a77cfcfd3e47c2a354b01111771326f8aa26e0254",
              "url": "https://files.pythonhosted.org/packages/d9/5a/e7c31adbe875f2abbb91bd84cf2dc52d792b5a01506781dbcf25c91daf11/six-1.16.0-py2.py3-none-any.whl"
            },
            {
              "algorithm": "sha256",
              "hash": "1e61c37477a1626458e36f7b1d82aa5c9b094fa4802892072e49de9c60c4c926",
              "url": "https://files.pythonhosted.org/packages/71/39/171f1c67cd00715f190ba0b100d606d440a28c93c7714febeca8b79af85e/six-1.16.0.tar.gz"
            }
          ],
          "project_name": "six",
          "requires_dists": [],
          "requires_python": "!=3.0.*,!=3.1.*,!=3.2.*,>=2.7",
          "version": "1.16.0"
        },
        {
          "artifacts": [
            {
              "algorithm": "sha256",
              "hash": "9068bc196136463f5245e51efda838afa15aaeca9903f49050dfa2679db4d252",
              "url": "https://files.pythonhosted.org/packages/65/58/f9c9e6be752e9fcb8b6a0ee9fb87e6e7a1f6bcab2cdc73f02bb7ba91ada0/tzdata-2024.1-py2.py3-none-any.whl"
            },
            {
              "algorithm": "sha256",
              "hash": "2674120f8d891909751c38abcdfd386ac0a5a1127954fbc332af6b5ceae07efd",
              "url": "https://files.pythonhosted.org/packages/74/5b/e025d02cb3b66b7b76093404392d4b44343c69101cc85f4d180dd5784717/tzdata-2024.1.tar.gz"
            }
          ],
          "project_name": "tzdata",
          "requires_dists": [],
          "requires_python": ">=2",
          "version": "2024.1"
        }
      ],
      "platform_tag": [
        "cp312",
        "cp312",
        "macosx_14_0_arm64"
      ]
    }
  ],
  "only_builds": [],
  "only_wheels": [],
  "path_mappings": {},
  "pex_version": "2.3.1",
  "pip_version": "23.2",
  "prefer_older_binary": false,
  "requirements": [
    "pandas>=2"
  ],
  "requires_python": [],
  "resolver_version": "pip-2020-resolver",
  "style": "universal",
  "target_systems": [],
  "transitive": true,
  "use_pep517": null
}
